
Microsoft Visual Studio Solution File, Format Version 12.00
# Visual Studio Version 17
VisualStudioVersion = 17.7.34031.279
MinimumVisualStudioVersion = 10.0.40219.1
Project("{8BC9CEB8-8B4A-11D0-8D11-00A0C91BC942}") = "CLIENT", "CLIENT\CLIENT.vcxproj", "{8DA481A9-0CC9-447F-8423-B19DE909BD64}"
EndProject
Global
	GlobalSection(SolutionConfigurationPlatforms) = preSolution
		Debug|x64 = Debug|x64
		Debug|x86 = Debug|x86
		Release|x64 = Release|x64
		Release|x86 = Release|x86
	EndGlobalSection
	GlobalSection(ProjectConfigurationPlatforms) = postSolution
		{8DA481A9-0CC9-447F-8423-B19DE909BD64}.Debug|x64.ActiveCfg = Debug|x64
		{8DA481A9-0CC9-447F-8423-B19DE909BD64}.Debug|x64.Build.0 = Debug|x64
		{8DA481A9-0CC9-447F-8423-B19DE909BD64}.Debug|x86.ActiveCfg = Debug|Win32
		{8DA481A9-0CC9-447F-8423-B19DE909BD64}.Debug|x86.Build.0 = Debug|Win32
		{8DA481A9-0CC9-447F-8423-B19DE909BD64}.Release|x64.ActiveCfg = Release|x64
		{8DA481A9-0CC9-447F-8423-B19DE909BD64}.Release|x64.Build.0 = Release|x64
		{8DA481A9-0CC9-447F-8423-B19DE909BD64}.Release|x86.ActiveCfg = Release|Win32
		{8DA481A9-0CC9-447F-8423-B19DE909BD64}.Release|x86.Build.0 = Release|Win32
	EndGlobalSection
	GlobalSection(SolutionProperties) = preSolution
		HideSolutionNode = FALSE
	EndGlobalSection
	GlobalSection(ExtensibilityGlobals) = postSolution
		SolutionGuid = {8E1E3430-4895-4693-82C9-3A73BDE8AF87}
	EndGlobalSection
EndGlobal
